[root]
name = "blink"
version = "0.1.0"
dependencies = [
 "arduino 0.1.0",
 "core 0.1.0",
 "rustc_builtins 0.1.0",
]

[[package]]
name = "arduino"
version = "0.1.0"
dependencies = [
 "core 0.1.0",
]

[[package]]
name = "core"
version = "0.1.0"

[[package]]
name = "rustc_builtins"
version = "0.1.0"
dependencies = [
 "core 0.1.0",
]

